// !$*UTF8*$!
{
	archiveVersion = 1;
	classes = {
	};
	objectVersion = 46;
	objects = {

/* Begin PBXBuildFile section */
		DCFBEC3B1DB38870008D9D62 /* AppDelegate.swift in Sources */ = {isa = PBXBuildFile; fileRef = DCFBEC3A1DB38870008D9D62 /* AppDelegate.swift */; };
		DCFBEC3D1DB38870008D9D62 /* MainViewController.swift in Sources */ = {isa = PBXBuildFile; fileRef = DCFBEC3C1DB38870008D9D62 /* MainViewController.swift */; };
		DCFBEC431DB38870008D9D62 /* Life.xcdatamodeld in Sources */ = {isa = PBXBuildFile; fileRef = DCFBEC411DB38870008D9D62 /* Life.xcdatamodeld */; };
		DCFBEC451DB38870008D9D62 /* Assets.xcassets in Resources */ = {isa = PBXBuildFile; fileRef = DCFBEC441DB38870008D9D62 /* Assets.xcassets */; };
		DCFBEC481DB38870008D9D62 /* LaunchScreen.storyboard in Resources */ = {isa = PBXBuildFile; fileRef = DCFBEC461DB38870008D9D62 /* LaunchScreen.storyboard */; };
		DCFBEC501DB39424008D9D62 /* LifeViewController.swift in Sources */ = {isa = PBXBuildFile; fileRef = DCFBEC4F1DB39424008D9D62 /* LifeViewController.swift */; };
		DCFBEC521DB395A7008D9D62 /* NumberOfYears.swift in Sources */ = {isa = PBXBuildFile; fileRef = DCFBEC511DB395A7008D9D62 /* NumberOfYears.swift */; };
		DCFBEC551DB3A68F008D9D62 /* Main.storyboard in Resources */ = {isa = PBXBuildFile; fileRef = DCFBEC531DB3A68F008D9D62 /* Main.storyboard */; };
		DCFBEC571DB3BE25008D9D62 /* LifeQuotes.swift in Sources */ = {isa = PBXBuildFile; fileRef = DCFBEC561DB3BE25008D9D62 /* LifeQuotes.swift */; };
/* End PBXBuildFile section */

/* Begin PBXFileReference section */
		DCFBEC371DB38870008D9D62 /* Life.app */ = {isa = PBXFileReference; explicitFileType = wrapper.application; includeInIndex = 0; path = Life.app; sourceTree = BUILT_PRODUCTS_DIR; };
		DCFBEC3A1DB38870008D9D62 /* AppDelegate.swift */ = {isa = PBXFileReference; lastKnownFileType = sourcecode.swift; path = AppDelegate.swift; sourceTree = "<group>"; };
		DCFBEC3C1DB38870008D9D62 /* MainViewController.swift */ = {isa = PBXFileReference; lastKnownFileType = sourcecode.swift; path = MainViewController.swift; sourceTree = "<group>"; };
		DCFBEC421DB38870008D9D62 /* Life.xcdatamodel */ = {isa = PBXFileReference; lastKnownFileType = wrapper.xcdatamodel; path = Life.xcdatamodel; sourceTree = "<group>"; };
		DCFBEC441DB38870008D9D62 /* Assets.xcassets */ = {isa = PBXFileReference; lastKnownFileType = folder.assetcatalog; path = Assets.xcassets; sourceTree = "<group>"; };
		DCFBEC471DB38870008D9D62 /* Base */ = {isa = PBXFileReference; lastKnownFileType = file.storyboard; name = Base; path = Base.lproj/LaunchScreen.storyboard; sourceTree = "<group>"; };
		DCFBEC491DB38870008D9D62 /* Info.plist */ = {isa = PBXFileReference; lastKnownFileType = text.plist.xml; path = Info.plist; sourceTree = "<group>"; };
		DCFBEC4F1DB39424008D9D62 /* LifeViewController.swift */ = {isa = PBXFileReference; fileEncoding = 4; lastKnownFileType = sourcecode.swift; path = LifeViewController.swift; sourceTree = "<group>"; };
		DCFBEC511DB395A7008D9D62 /* NumberOfYears.swift */ = {isa = PBXFileReference; fileEncoding = 4; lastKnownFileType = sourcecode.swift; path = NumberOfYears.swift; sourceTree = "<group>"; };
		DCFBEC541DB3A68F008D9D62 /* Base */ = {isa = PBXFileReference; lastKnownFileType = file.storyboard; name = Base; path = Base.lproj/Main.storyboard; sourceTree = "<group>"; };
		DCFBEC561DB3BE25008D9D62 /* LifeQuotes.swift */ = {isa = PBXFileReference; fileEncoding = 4; lastKnownFileType = sourcecode.swift; path = LifeQuotes.swift; sourceTree = "<group>"; };
/* End PBXFileReference section */

/* Begin PBXFrameworksBuildPhase section */
		DCFBEC341DB38870008D9D62 /* Frameworks */ = {
			isa = PBXFrameworksBuildPhase;
			buildActionMask = 2147483647;
			files = (
			);
			runOnlyForDeploymentPostprocessing = 0;
		};
/* End PBXFrameworksBuildPhase section */

/* Begin PBXGroup section */
		DCFBEC2E1DB38870008D9D62 = {
			isa = PBXGroup;
			children = (
				DCFBEC391DB38870008D9D62 /* Life */,
				DCFBEC381DB38870008D9D62 /* Products */,
			);
			sourceTree = "<group>";
		};
		DCFBEC381DB38870008D9D62 /* Products */ = {
			isa = PBXGroup;
			children = (
				DCFBEC371DB38870008D9D62 /* Life.app */,
			);
			name = Products;
			sourceTree = "<group>";
		};
		DCFBEC391DB38870008D9D62 /* Life */ = {
			isa = PBXGroup;
			children = (
				DCFBEC3A1DB38870008D9D62 /* AppDelegate.swift */,
				DCFBEC3C1DB38870008D9D62 /* MainViewController.swift */,
				DCFBEC531DB3A68F008D9D62 /* Main.storyboard */,
				DCFBEC441DB38870008D9D62 /* Assets.xcassets */,
				DCFBEC461DB38870008D9D62 /* LaunchScreen.storyboard */,
				DCFBEC491DB38870008D9D62 /* Info.plist */,
				DCFBEC411DB38870008D9D62 /* Life.xcdatamodeld */,
				DCFBEC4F1DB39424008D9D62 /* LifeViewController.swift */,
				DCFBEC511DB395A7008D9D62 /* NumberOfYears.swift */,
				DCFBEC561DB3BE25008D9D62 /* LifeQuotes.swift */,
			);
			path = Life;
			sourceTree = "<group>";
		};
/* End PBXGroup section */

/* Begin PBXNativeTarget section */
		DCFBEC361DB38870008D9D62 /* Life */ = {
			isa = PBXNativeTarget;
			buildConfigurationList = DCFBEC4C1DB38870008D9D62 /* Build configuration list for PBXNativeTarget "Life" */;
			buildPhases = (
				DCFBEC331DB38870008D9D62 /* Sources */,
				DCFBEC341DB38870008D9D62 /* Frameworks */,
				DCFBEC351DB38870008D9D62 /* Resources */,
			);
			buildRules = (
			);
			dependencies = (
			);
			name = Life;
			productName = Life;
			productReference = DCFBEC371DB38870008D9D62 /* Life.app */;
			productType = "com.apple.product-type.application";
		};
/* End PBXNativeTarget section */

/* Begin PBXProject section */
		DCFBEC2F1DB38870008D9D62 /* Project object */ = {
			isa = PBXProject;
			attributes = {
				LastSwiftUpdateCheck = 0800;
				LastUpgradeCheck = 0800;
				ORGANIZATIONNAME = "Arjun Kodur";
				TargetAttributes = {
					DCFBEC361DB38870008D9D62 = {
						CreatedOnToolsVersion = 8.0;
						DevelopmentTeam = E696HLUBV9;
						ProvisioningStyle = Automatic;
					};
				};
			};
			buildConfigurationList = DCFBEC321DB38870008D9D62 /* Build configuration list for PBXProject "Life" */;
			compatibilityVersion = "Xcode 3.2";
			developmentRegion = English;
			hasScannedForEncodings = 0;
			knownRegions = (
				en,
				Base,
			);
			mainGroup = DCFBEC2E1DB38870008D9D62;
			productRefGroup = DCFBEC381DB38870008D9D62 /* Products */;
			projectDirPath = "";
			projectRoot = "";
			targets = (
				DCFBEC361DB38870008D9D62 /* Life */,
			);
		};
/* End PBXProject section */

/* Begin PBXResourcesBuildPhase section */
		DCFBEC351DB38870008D9D62 /* Resources */ = {
			isa = PBXResourcesBuildPhase;
			buildActionMask = 2147483647;
			files = (
				DCFBEC551DB3A68F008D9D62 /* Main.storyboard in Resources */,
				DCFBEC481DB38870008D9D62 /* LaunchScreen.storyboard in Resources */,
				DCFBEC451DB38870008D9D62 /* Assets.xcassets in Resources */,
			);
			runOnlyForDeploymentPostprocessing = 0;
		};
/* End PBXResourcesBuildPhase section */

/* Begin PBXSourcesBuildPhase section */
		DCFBEC331DB38870008D9D62 /* Sources */ = {
			isa = PBXSourcesBuildPhase;
			buildActionMask = 2147483647;
			files = (
				DCFBEC3D1DB38870008D9D62 /* MainViewController.swift in Sources */,
				DCFBEC3B1DB38870008D9D62 /* AppDelegate.swift in Sources */,
				DCFBEC571DB3BE25008D9D62 /* LifeQuotes.swift in Sources */,
				DCFBEC501DB39424008D9D62 /* LifeViewController.swift in Sources */,
				DCFBEC521DB395A7008D9D62 /* NumberOfYears.swift in Sources */,
				DCFBEC431DB38870008D9D62 /* Life.xcdatamodeld in Sources */,
			);
			runOnlyForDeploymentPostprocessing = 0;
		};
/* End PBXSourcesBuildPhase section */

/* Begin PBXVariantGroup section */
		DCFBEC461DB38870008D9D62 /* LaunchScreen.storyboard */ = {
			isa = PBXVariantGroup;
			children = (
				DCFBEC471DB38870008D9D62 /* Base */,
			);
			name = LaunchScreen.storyboard;
			sourceTree = "<group>";
		};
		DCFBEC531DB3A68F008D9D62 /* Main.storyboard */ = {
			isa = PBXVariantGroup;
			children = (
				DCFBEC541DB3A68F008D9D62 /* Base */,
			);
			name = Main.storyboard;
			sourceTree = "<group>";
		};
/* End PBXVariantGroup section */

/* Begin XCBuildConfiguration section */
		DCFBEC4A1DB38870008D9D62 /* Debug */ = {
			isa = XCBuildConfiguration;
			buildSettings = {
				ALWAYS_SEARCH_USER_PATHS = NO;
				CLANG_ANALYZER_NONNULL = YES;
				CLANG_CXX_LANGUAGE_STANDARD = "gnu++0x";
				CLANG_CXX_LIBRARY = "libc++";
				CLANG_ENABLE_MODULES = YES;
				CLANG_ENABLE_OBJC_ARC = YES;
				CLANG_WARN_BOOL_CONVERSION = YES;
				CLANG_WARN_CONSTANT_CONVERSION = YES;
				CLANG_WARN_DIRECT_OBJC_ISA_USAGE = YES_ERROR;
				CLANG_WARN_DOCUMENTATION_COMMENTS = YES;
				CLANG_WARN_EMPTY_BODY = YES;
				CLANG_WARN_ENUM_CONVERSION = YES;
				CLANG_WARN_INFINITE_RECURSION = YES;
				CLANG_WARN_INT_CONVERSION = YES;
				CLANG_WARN_OBJC_ROOT_CLASS = YES_ERROR;
				CLANG_WARN_SUSPICIOUS_MOVES = YES;
				CLANG_WARN_UNREACHABLE_CODE = YES;
				CLANG_WARN__DUPLICATE_METHOD_MATCH = YES;
				"CODE_SIGN_IDENTITY[sdk=iphoneos*]" = "iPhone Developer";
				COPY_PHASE_STRIP = NO;
				DEBUG_INFORMATION_FORMAT = dwarf;
				ENABLE_STRICT_OBJC_MSGSEND = YES;
				ENABLE_TESTABILITY = YES;
				GCC_C_LANGUAGE_STANDARD = gnu99;
				GCC_DYNAMIC_NO_PIC = NO;
				GCC_NO_COMMON_BLOCKS = YES;
				GCC_OPTIMIZATION_LEVEL = 0;
				GCC_PREPROCESSOR_DEFINITIONS = (
					"DEBUG=1",
					"$(inherited)",
				);
				GCC_WARN_64_TO_32_BIT_CONVERSION = YES;
				GCC_WARN_ABOUT_RETURN_TYPE = YES_ERROR;
				GCC_WARN_UNDECLARED_SELECTOR = YES;
				GCC_WARN_UNINITIALIZED_AUTOS = YES_AGGRESSIVE;
				GCC_WARN_UNUSED_FUNCTION = YES;
				GCC_WARN_UNUSED_VARIABLE = YES;
				IPHONEOS_DEPLOYMENT_TARGET = 10.0;
				MTL_ENABLE_DEBUG_INFO = YES;
				ONLY_ACTIVE_ARCH = YES;
				SDKROOT = iphoneos;
				SWIFT_ACTIVE_COMPILATION_CONDITIONS = DEBUG;
				SWIFT_OPTIMIZATION_LEVEL = "-Onone";
			};
			name = Debug;
		};
		DCFBEC4B1DB38870008D9D62 /* Release */ = {
			isa = XCBuildConfiguration;
			buildSettings = {
				ALWAYS_SEARCH_USER_PATHS = NO;
				CLANG_ANALYZER_NONNULL = YES;
				CLANG_CXX_LANGUAGE_STANDARD = "gnu++0x";
				CLANG_CXX_LIBRARY = "libc++";
				CLANG_ENABLE_MODULES = YES;
				CLANG_ENABLE_OBJC_ARC = YES;
				CLANG_WARN_BOOL_CONVERSION = YES;
				CLANG_WARN_CONSTANT_CONVERSION = YES;
				CLANG_WARN_DIRECT_OBJC_ISA_USAGE = YES_ERROR;
				CLANG_WARN_DOCUMENTATION_COMMENTS = YES;
				CLANG_WARN_EMPTY_BODY = YES;
				CLANG_WARN_ENUM_CONVERSION = YES;
				CLANG_WARN_INFINITE_RECURSION = YES;
				CLANG_WARN_INT_CONVERSION = YES;
				CLANG_WARN_OBJC_ROOT_CLASS = YES_ERROR;
				CLANG_WARN_SUSPICIOUS_MOVES = YES;
				CLANG_WARN_UNREACHABLE_CODE = YES;
				CLANG_WARN__DUPLICATE_METHOD_MATCH = YES;
				"CODE_SIGN_IDENTITY[sdk=iphoneos*]" = "iPhone Developer";
				COPY_PHASE_STRIP = NO;
				DEBUG_INFORMATION_FORMAT = "dwarf-with-dsym";
				ENABLE_NS_ASSERTIONS = NO;
				ENABLE_STRICT_OBJC_MSGSEND = YES;
				GCC_C_LANGUAGE_STANDARD = gnu99;
				GCC_NO_COMMON_BLOCKS = YES;
				GCC_WARN_64_TO_32_BIT_CONVERSION = YES;
				GCC_WARN_ABOUT_RETURN_TYPE = YES_ERROR;
				GCC_WARN_UNDECLARED_SELECTOR = YES;
				GCC_WARN_UNINITIALIZED_AUTOS = YES_AGGRESSIVE;
				GCC_WARN_UNUSED_FUNCTION = YES;
				GCC_WARN_UNUSED_VARIABLE = YES;
				IPHONEOS_DEPLOYMENT_TARGET = 10.0;
				MTL_ENABLE_DEBUG_INFO = NO;
				SDKROOT = iphoneos;
				SWIFT_OPTIMIZATION_LEVEL = "-Owholemodule";
				VALIDATE_PRODUCT = YES;
			};
			name = Release;
		};
		DCFBEC4D1DB38870008D9D62 /* Debug */ = {
			isa = XCBuildConfiguration;
			buildSettings = {
				ASSETCATALOG_COMPILER_APPICON_NAME = AppIcon;
				DEVELOPMENT_TEAM = E696HLUBV9;
				INFOPLIST_FILE = Life/Info.plist;
				LD_RUNPATH_SEARCH_PATHS = "$(inherited) @executable_path/Frameworks";
				PRODUCT_BUNDLE_IDENTIFIER = com.arjunkodur.Life;
				PRODUCT_NAME = "$(TARGET_NAME)";
				SWIFT_VERSION = 3.0;
			};
			name = Debug;
		};
		DCFBEC4E1DB38870008D9D62 /* Release */ = {
			isa = XCBuildConfiguration;
			buildSettings = {
				ASSETCATALOG_COMPILER_APPICON_NAME = AppIcon;
				DEVELOPMENT_TEAM = E696HLUBV9;
				INFOPLIST_FILE = Life/Info.plist;
				LD_RUNPATH_SEARCH_PATHS = "$(inherited) @executable_path/Frameworks";
				PRODUCT_BUNDLE_IDENTIFIER = com.arjunkodur.Life;
				PRODUCT_NAME = "$(TARGET_NAME)";
				SWIFT_VERSION = 3.0;
			};
			name = Release;
		};
/* End XCBuildConfiguration section */

/* Begin XCConfigurationList section */
		DCFBEC321DB38870008D9D62 /* Build configuration list for PBXProject "Life" */ = {
			isa = XCConfigurationList;
			buildConfigurations = (
				DCFBEC4A1DB38870008D9D62 /* Debug */,
				DCFBEC4B1DB38870008D9D62 /* Release */,
			);
			defaultConfigurationIsVisible = 0;
			defaultConfigurationName = Release;
		};
		DCFBEC4C1DB38870008D9D62 /* Build configuration list for PBXNativeTarget "Life" */ = {
			isa = XCConfigurationList;
			buildConfigurations = (
				DCFBEC4D1DB38870008D9D62 /* Debug */,
				DCFBEC4E1DB38870008D9D62 /* Release */,
			);
			defaultConfigurationIsVisible = 0;
			defaultConfigurationName = Release;
		};
/* End XCConfigurationList section */

/* Begin XCVersionGroup section */
		DCFBEC411DB38870008D9D62 /* Life.xcdatamodeld */ = {
			isa = XCVersionGroup;
			children = (
				DCFBEC421DB38870008D9D62 /* Life.xcdatamodel */,
			);
			currentVersion = DCFBEC421DB38870008D9D62 /* Life.xcdatamodel */;
			path = Life.xcdatamodeld;
			sourceTree = "<group>";
			versionGroupType = wrapper.xcdatamodel;
		};
/* End XCVersionGroup section */
	};
	rootObject = DCFBEC2F1DB38870008D9D62 /* Project object */;
}
