// !$*UTF8*$!
{
	archiveVersion = 1;
	classes = {
	};
	objectVersion = 46;
	objects = {

/* Begin PBXBuildFile section */
		DC381C281D87404900F1E839 /* AppDelegate.swift in Sources */ = {isa = PBXBuildFile; fileRef = DC381C271D87404900F1E839 /* AppDelegate.swift */; };
		DC381C2A1D87404900F1E839 /* ViewController.swift in Sources */ = {isa = PBXBuildFile; fileRef = DC381C291D87404900F1E839 /* ViewController.swift */; };
		DC381C2D1D87404900F1E839 /* Main.storyboard in Resources */ = {isa = PBXBuildFile; fileRef = DC381C2B1D87404900F1E839 /* Main.storyboard */; };
		DC381C301D87404900F1E839 /* Headout.xcdatamodeld in Sources */ = {isa = PBXBuildFile; fileRef = DC381C2E1D87404900F1E839 /* Headout.xcdatamodeld */; };
		DC381C321D87404900F1E839 /* Assets.xcassets in Resources */ = {isa = PBXBuildFile; fileRef = DC381C311D87404900F1E839 /* Assets.xcassets */; };
		DC381C351D87404900F1E839 /* LaunchScreen.storyboard in Resources */ = {isa = PBXBuildFile; fileRef = DC381C331D87404900F1E839 /* LaunchScreen.storyboard */; };
/* End PBXBuildFile section */

/* Begin PBXFileReference section */
		DC381C241D87404900F1E839 /* Headout.app */ = {isa = PBXFileReference; explicitFileType = wrapper.application; includeInIndex = 0; path = Headout.app; sourceTree = BUILT_PRODUCTS_DIR; };
		DC381C271D87404900F1E839 /* AppDelegate.swift */ = {isa = PBXFileReference; lastKnownFileType = sourcecode.swift; path = AppDelegate.swift; sourceTree = "<group>"; };
		DC381C291D87404900F1E839 /* ViewController.swift */ = {isa = PBXFileReference; lastKnownFileType = sourcecode.swift; path = ViewController.swift; sourceTree = "<group>"; };
		DC381C2C1D87404900F1E839 /* Base */ = {isa = PBXFileReference; lastKnownFileType = file.storyboard; name = Base; path = Base.lproj/Main.storyboard; sourceTree = "<group>"; };
		DC381C2F1D87404900F1E839 /* Headout.xcdatamodel */ = {isa = PBXFileReference; lastKnownFileType = wrapper.xcdatamodel; path = Headout.xcdatamodel; sourceTree = "<group>"; };
		DC381C311D87404900F1E839 /* Assets.xcassets */ = {isa = PBXFileReference; lastKnownFileType = folder.assetcatalog; path = Assets.xcassets; sourceTree = "<group>"; };
		DC381C341D87404900F1E839 /* Base */ = {isa = PBXFileReference; lastKnownFileType = file.storyboard; name = Base; path = Base.lproj/LaunchScreen.storyboard; sourceTree = "<group>"; };
		DC381C361D87404900F1E839 /* Info.plist */ = {isa = PBXFileReference; lastKnownFileType = text.plist.xml; path = Info.plist; sourceTree = "<group>"; };
/* End PBXFileReference section */

/* Begin PBXFrameworksBuildPhase section */
		DC381C211D87404900F1E839 /* Frameworks */ = {
			isa = PBXFrameworksBuildPhase;
			buildActionMask = 2147483647;
			files = (
			);
			runOnlyForDeploymentPostprocessing = 0;
		};
/* End PBXFrameworksBuildPhase section */

/* Begin PBXGroup section */
		DC381C1B1D87404900F1E839 = {
			isa = PBXGroup;
			children = (
				DC381C261D87404900F1E839 /* Headout */,
				DC381C251D87404900F1E839 /* Products */,
			);
			sourceTree = "<group>";
		};
		DC381C251D87404900F1E839 /* Products */ = {
			isa = PBXGroup;
			children = (
				DC381C241D87404900F1E839 /* Headout.app */,
			);
			name = Products;
			sourceTree = "<group>";
		};
		DC381C261D87404900F1E839 /* Headout */ = {
			isa = PBXGroup;
			children = (
				DC381C271D87404900F1E839 /* AppDelegate.swift */,
				DC381C291D87404900F1E839 /* ViewController.swift */,
				DC381C2B1D87404900F1E839 /* Main.storyboard */,
				DC381C311D87404900F1E839 /* Assets.xcassets */,
				DC381C331D87404900F1E839 /* LaunchScreen.storyboard */,
				DC381C361D87404900F1E839 /* Info.plist */,
				DC381C2E1D87404900F1E839 /* Headout.xcdatamodeld */,
			);
			path = Headout;
			sourceTree = "<group>";
		};
/* End PBXGroup section */

/* Begin PBXNativeTarget section */
		DC381C231D87404900F1E839 /* Headout */ = {
			isa = PBXNativeTarget;
			buildConfigurationList = DC381C391D87404900F1E839 /* Build configuration list for PBXNativeTarget "Headout" */;
			buildPhases = (
				DC381C201D87404900F1E839 /* Sources */,
				DC381C211D87404900F1E839 /* Frameworks */,
				DC381C221D87404900F1E839 /* Resources */,
			);
			buildRules = (
			);
			dependencies = (
			);
			name = Headout;
			productName = Headout;
			productReference = DC381C241D87404900F1E839 /* Headout.app */;
			productType = "com.apple.product-type.application";
		};
/* End PBXNativeTarget section */

/* Begin PBXProject section */
		DC381C1C1D87404900F1E839 /* Project object */ = {
			isa = PBXProject;
			attributes = {
				LastSwiftUpdateCheck = 0730;
				LastUpgradeCheck = 0730;
				ORGANIZATIONNAME = "Arjun Kodur";
				TargetAttributes = {
					DC381C231D87404900F1E839 = {
						CreatedOnToolsVersion = 7.3.1;
					};
				};
			};
			buildConfigurationList = DC381C1F1D87404900F1E839 /* Build configuration list for PBXProject "Headout" */;
			compatibilityVersion = "Xcode 3.2";
			developmentRegion = English;
			hasScannedForEncodings = 0;
			knownRegions = (
				en,
				Base,
			);
			mainGroup = DC381C1B1D87404900F1E839;
			productRefGroup = DC381C251D87404900F1E839 /* Products */;
			projectDirPath = "";
			projectRoot = "";
			targets = (
				DC381C231D87404900F1E839 /* Headout */,
			);
		};
/* End PBXProject section */

/* Begin PBXResourcesBuildPhase section */
		DC381C221D87404900F1E839 /* Resources */ = {
			isa = PBXResourcesBuildPhase;
			buildActionMask = 2147483647;
			files = (
				DC381C351D87404900F1E839 /* LaunchScreen.storyboard in Resources */,
				DC381C321D87404900F1E839 /* Assets.xcassets in Resources */,
				DC381C2D1D87404900F1E839 /* Main.storyboard in Resources */,
			);
			runOnlyForDeploymentPostprocessing = 0;
		};
/* End PBXResourcesBuildPhase section */

/* Begin PBXSourcesBuildPhase section */
		DC381C201D87404900F1E839 /* Sources */ = {
			isa = PBXSourcesBuildPhase;
			buildActionMask = 2147483647;
			files = (
				DC381C2A1D87404900F1E839 /* ViewController.swift in Sources */,
				DC381C301D87404900F1E839 /* Headout.xcdatamodeld in Sources */,
				DC381C281D87404900F1E839 /* AppDelegate.swift in Sources */,
			);
			runOnlyForDeploymentPostprocessing = 0;
		};
/* End PBXSourcesBuildPhase section */

/* Begin PBXVariantGroup section */
		DC381C2B1D87404900F1E839 /* Main.storyboard */ = {
			isa = PBXVariantGroup;
			children = (
				DC381C2C1D87404900F1E839 /* Base */,
			);
			name = Main.storyboard;
			sourceTree = "<group>";
		};
		DC381C331D87404900F1E839 /* LaunchScreen.storyboard */ = {
			isa = PBXVariantGroup;
			children = (
				DC381C341D87404900F1E839 /* Base */,
			);
			name = LaunchScreen.storyboard;
			sourceTree = "<group>";
		};
/* End PBXVariantGroup section */

/* Begin XCBuildConfiguration section */
		DC381C371D87404900F1E839 /* Debug */ = {
			isa = XCBuildConfiguration;
			buildSettings = {
				ALWAYS_SEARCH_USER_PATHS = NO;
				CLANG_ANALYZER_NONNULL = YES;
				CLANG_CXX_LANGUAGE_STANDARD = "gnu++0x";
				CLANG_CXX_LIBRARY = "libc++";
				CLANG_ENABLE_MODULES = YES;
				CLANG_ENABLE_OBJC_ARC = YES;
				CLANG_WARN_BOOL_CONVERSION = YES;
				CLANG_WARN_CONSTANT_CONVERSION = YES;
				CLANG_WARN_DIRECT_OBJC_ISA_USAGE = YES_ERROR;
				CLANG_WARN_EMPTY_BODY = YES;
				CLANG_WARN_ENUM_CONVERSION = YES;
				CLANG_WARN_INT_CONVERSION = YES;
				CLANG_WARN_OBJC_ROOT_CLASS = YES_ERROR;
				CLANG_WARN_UNREACHABLE_CODE = YES;
				CLANG_WARN__DUPLICATE_METHOD_MATCH = YES;
				"CODE_SIGN_IDENTITY[sdk=iphoneos*]" = "iPhone Developer";
				COPY_PHASE_STRIP = NO;
				DEBUG_INFORMATION_FORMAT = dwarf;
				ENABLE_STRICT_OBJC_MSGSEND = YES;
				ENABLE_TESTABILITY = YES;
				GCC_C_LANGUAGE_STANDARD = gnu99;
				GCC_DYNAMIC_NO_PIC = NO;
				GCC_NO_COMMON_BLOCKS = YES;
				GCC_OPTIMIZATION_LEVEL = 0;
				GCC_PREPROCESSOR_DEFINITIONS = (
					"DEBUG=1",
					"$(inherited)",
				);
				GCC_WARN_64_TO_32_BIT_CONVERSION = YES;
				GCC_WARN_ABOUT_RETURN_TYPE = YES_ERROR;
				GCC_WARN_UNDECLARED_SELECTOR = YES;
				GCC_WARN_UNINITIALIZED_AUTOS = YES_AGGRESSIVE;
				GCC_WARN_UNUSED_FUNCTION = YES;
				GCC_WARN_UNUSED_VARIABLE = YES;
				IPHONEOS_DEPLOYMENT_TARGET = 9.3;
				MTL_ENABLE_DEBUG_INFO = YES;
				ONLY_ACTIVE_ARCH = YES;
				SDKROOT = iphoneos;
				SWIFT_OPTIMIZATION_LEVEL = "-Onone";
			};
			name = Debug;
		};
		DC381C381D87404900F1E839 /* Release */ = {
			isa = XCBuildConfiguration;
			buildSettings = {
				ALWAYS_SEARCH_USER_PATHS = NO;
				CLANG_ANALYZER_NONNULL = YES;
				CLANG_CXX_LANGUAGE_STANDARD = "gnu++0x";
				CLANG_CXX_LIBRARY = "libc++";
				CLANG_ENABLE_MODULES = YES;
				CLANG_ENABLE_OBJC_ARC = YES;
				CLANG_WARN_BOOL_CONVERSION = YES;
				CLANG_WARN_CONSTANT_CONVERSION = YES;
				CLANG_WARN_DIRECT_OBJC_ISA_USAGE = YES_ERROR;
				CLANG_WARN_EMPTY_BODY = YES;
				CLANG_WARN_ENUM_CONVERSION = YES;
				CLANG_WARN_INT_CONVERSION = YES;
				CLANG_WARN_OBJC_ROOT_CLASS = YES_ERROR;
				CLANG_WARN_UNREACHABLE_CODE = YES;
				CLANG_WARN__DUPLICATE_METHOD_MATCH = YES;
				"CODE_SIGN_IDENTITY[sdk=iphoneos*]" = "iPhone Developer";
				COPY_PHASE_STRIP = NO;
				DEBUG_INFORMATION_FORMAT = "dwarf-with-dsym";
				ENABLE_NS_ASSERTIONS = NO;
				ENABLE_STRICT_OBJC_MSGSEND = YES;
				GCC_C_LANGUAGE_STANDARD = gnu99;
				GCC_NO_COMMON_BLOCKS = YES;
				GCC_WARN_64_TO_32_BIT_CONVERSION = YES;
				GCC_WARN_ABOUT_RETURN_TYPE = YES_ERROR;
				GCC_WARN_UNDECLARED_SELECTOR = YES;
				GCC_WARN_UNINITIALIZED_AUTOS = YES_AGGRESSIVE;
				GCC_WARN_UNUSED_FUNCTION = YES;
				GCC_WARN_UNUSED_VARIABLE = YES;
				IPHONEOS_DEPLOYMENT_TARGET = 9.3;
				MTL_ENABLE_DEBUG_INFO = NO;
				SDKROOT = iphoneos;
				VALIDATE_PRODUCT = YES;
			};
			name = Release;
		};
		DC381C3A1D87404900F1E839 /* Debug */ = {
			isa = XCBuildConfiguration;
			buildSettings = {
				ASSETCATALOG_COMPILER_APPICON_NAME = AppIcon;
				INFOPLIST_FILE = Headout/Info.plist;
				LD_RUNPATH_SEARCH_PATHS = "$(inherited) @executable_path/Frameworks";
				PRODUCT_BUNDLE_IDENTIFIER = com.arjunkodur.Headout;
				PRODUCT_NAME = "$(TARGET_NAME)";
			};
			name = Debug;
		};
		DC381C3B1D87404900F1E839 /* Release */ = {
			isa = XCBuildConfiguration;
			buildSettings = {
				ASSETCATALOG_COMPILER_APPICON_NAME = AppIcon;
				INFOPLIST_FILE = Headout/Info.plist;
				LD_RUNPATH_SEARCH_PATHS = "$(inherited) @executable_path/Frameworks";
				PRODUCT_BUNDLE_IDENTIFIER = com.arjunkodur.Headout;
				PRODUCT_NAME = "$(TARGET_NAME)";
			};
			name = Release;
		};
/* End XCBuildConfiguration section */

/* Begin XCConfigurationList section */
		DC381C1F1D87404900F1E839 /* Build configuration list for PBXProject "Headout" */ = {
			isa = XCConfigurationList;
			buildConfigurations = (
				DC381C371D87404900F1E839 /* Debug */,
				DC381C381D87404900F1E839 /* Release */,
			);
			defaultConfigurationIsVisible = 0;
			defaultConfigurationName = Release;
		};
		DC381C391D87404900F1E839 /* Build configuration list for PBXNativeTarget "Headout" */ = {
			isa = XCConfigurationList;
			buildConfigurations = (
				DC381C3A1D87404900F1E839 /* Debug */,
				DC381C3B1D87404900F1E839 /* Release */,
			);
			defaultConfigurationIsVisible = 0;
		};
/* End XCConfigurationList section */

/* Begin XCVersionGroup section */
		DC381C2E1D87404900F1E839 /* Headout.xcdatamodeld */ = {
			isa = XCVersionGroup;
			children = (
				DC381C2F1D87404900F1E839 /* Headout.xcdatamodel */,
			);
			currentVersion = DC381C2F1D87404900F1E839 /* Headout.xcdatamodel */;
			path = Headout.xcdatamodeld;
			sourceTree = "<group>";
			versionGroupType = wrapper.xcdatamodel;
		};
/* End XCVersionGroup section */
	};
	rootObject = DC381C1C1D87404900F1E839 /* Project object */;
}
