// !$*UTF8*$!
{
	archiveVersion = 1;
	classes = {
	};
	objectVersion = 46;
	objects = {

/* Begin PBXBuildFile section */
		DC319EBD1D8888330091B665 /* TextAttributes.swift in Sources */ = {isa = PBXBuildFile; fileRef = DC319EBC1D8888330091B665 /* TextAttributes.swift */; };
		DC8888271D86BEC0003CD03C /* AppDelegate.swift in Sources */ = {isa = PBXBuildFile; fileRef = DC8888261D86BEC0003CD03C /* AppDelegate.swift */; };
		DC8888291D86BEC0003CD03C /* ViewController.swift in Sources */ = {isa = PBXBuildFile; fileRef = DC8888281D86BEC0003CD03C /* ViewController.swift */; };
		DC88882C1D86BEC0003CD03C /* Main.storyboard in Resources */ = {isa = PBXBuildFile; fileRef = DC88882A1D86BEC0003CD03C /* Main.storyboard */; };
		DC88882F1D86BEC0003CD03C /* MemeMe.xcdatamodeld in Sources */ = {isa = PBXBuildFile; fileRef = DC88882D1D86BEC0003CD03C /* MemeMe.xcdatamodeld */; };
		DC8888311D86BEC0003CD03C /* Assets.xcassets in Resources */ = {isa = PBXBuildFile; fileRef = DC8888301D86BEC0003CD03C /* Assets.xcassets */; };
		DC8888341D86BEC0003CD03C /* LaunchScreen.storyboard in Resources */ = {isa = PBXBuildFile; fileRef = DC8888321D86BEC0003CD03C /* LaunchScreen.storyboard */; };
/* End PBXBuildFile section */

/* Begin PBXFileReference section */
		DC319EBC1D8888330091B665 /* TextAttributes.swift */ = {isa = PBXFileReference; fileEncoding = 4; lastKnownFileType = sourcecode.swift; path = TextAttributes.swift; sourceTree = "<group>"; };
		DC8888231D86BEC0003CD03C /* MemeMe.app */ = {isa = PBXFileReference; explicitFileType = wrapper.application; includeInIndex = 0; path = MemeMe.app; sourceTree = BUILT_PRODUCTS_DIR; };
		DC8888261D86BEC0003CD03C /* AppDelegate.swift */ = {isa = PBXFileReference; lastKnownFileType = sourcecode.swift; path = AppDelegate.swift; sourceTree = "<group>"; };
		DC8888281D86BEC0003CD03C /* ViewController.swift */ = {isa = PBXFileReference; lastKnownFileType = sourcecode.swift; path = ViewController.swift; sourceTree = "<group>"; };
		DC88882B1D86BEC0003CD03C /* Base */ = {isa = PBXFileReference; lastKnownFileType = file.storyboard; name = Base; path = Base.lproj/Main.storyboard; sourceTree = "<group>"; };
		DC88882E1D86BEC0003CD03C /* MemeMe.xcdatamodel */ = {isa = PBXFileReference; lastKnownFileType = wrapper.xcdatamodel; path = MemeMe.xcdatamodel; sourceTree = "<group>"; };
		DC8888301D86BEC0003CD03C /* Assets.xcassets */ = {isa = PBXFileReference; lastKnownFileType = folder.assetcatalog; path = Assets.xcassets; sourceTree = "<group>"; };
		DC8888331D86BEC0003CD03C /* Base */ = {isa = PBXFileReference; lastKnownFileType = file.storyboard; name = Base; path = Base.lproj/LaunchScreen.storyboard; sourceTree = "<group>"; };
		DC8888351D86BEC0003CD03C /* Info.plist */ = {isa = PBXFileReference; lastKnownFileType = text.plist.xml; path = Info.plist; sourceTree = "<group>"; };
/* End PBXFileReference section */

/* Begin PBXFrameworksBuildPhase section */
		DC8888201D86BEC0003CD03C /* Frameworks */ = {
			isa = PBXFrameworksBuildPhase;
			buildActionMask = 2147483647;
			files = (
			);
			runOnlyForDeploymentPostprocessing = 0;
		};
/* End PBXFrameworksBuildPhase section */

/* Begin PBXGroup section */
		DC88881A1D86BEC0003CD03C = {
			isa = PBXGroup;
			children = (
				DC8888251D86BEC0003CD03C /* MemeMe */,
				DC8888241D86BEC0003CD03C /* Products */,
			);
			sourceTree = "<group>";
		};
		DC8888241D86BEC0003CD03C /* Products */ = {
			isa = PBXGroup;
			children = (
				DC8888231D86BEC0003CD03C /* MemeMe.app */,
			);
			name = Products;
			sourceTree = "<group>";
		};
		DC8888251D86BEC0003CD03C /* MemeMe */ = {
			isa = PBXGroup;
			children = (
				DC8888261D86BEC0003CD03C /* AppDelegate.swift */,
				DC8888281D86BEC0003CD03C /* ViewController.swift */,
				DC88882A1D86BEC0003CD03C /* Main.storyboard */,
				DC8888301D86BEC0003CD03C /* Assets.xcassets */,
				DC8888321D86BEC0003CD03C /* LaunchScreen.storyboard */,
				DC8888351D86BEC0003CD03C /* Info.plist */,
				DC88882D1D86BEC0003CD03C /* MemeMe.xcdatamodeld */,
				DC319EBC1D8888330091B665 /* TextAttributes.swift */,
			);
			path = MemeMe;
			sourceTree = "<group>";
		};
/* End PBXGroup section */

/* Begin PBXNativeTarget section */
		DC8888221D86BEC0003CD03C /* MemeMe */ = {
			isa = PBXNativeTarget;
			buildConfigurationList = DC8888381D86BEC0003CD03C /* Build configuration list for PBXNativeTarget "MemeMe" */;
			buildPhases = (
				DC88881F1D86BEC0003CD03C /* Sources */,
				DC8888201D86BEC0003CD03C /* Frameworks */,
				DC8888211D86BEC0003CD03C /* Resources */,
			);
			buildRules = (
			);
			dependencies = (
			);
			name = MemeMe;
			productName = MemeMe;
			productReference = DC8888231D86BEC0003CD03C /* MemeMe.app */;
			productType = "com.apple.product-type.application";
		};
/* End PBXNativeTarget section */

/* Begin PBXProject section */
		DC88881B1D86BEC0003CD03C /* Project object */ = {
			isa = PBXProject;
			attributes = {
				LastSwiftUpdateCheck = 0730;
				LastUpgradeCheck = 0730;
				ORGANIZATIONNAME = "Arjun Kodur";
				TargetAttributes = {
					DC8888221D86BEC0003CD03C = {
						CreatedOnToolsVersion = 7.3.1;
					};
				};
			};
			buildConfigurationList = DC88881E1D86BEC0003CD03C /* Build configuration list for PBXProject "MemeMe" */;
			compatibilityVersion = "Xcode 3.2";
			developmentRegion = English;
			hasScannedForEncodings = 0;
			knownRegions = (
				en,
				Base,
			);
			mainGroup = DC88881A1D86BEC0003CD03C;
			productRefGroup = DC8888241D86BEC0003CD03C /* Products */;
			projectDirPath = "";
			projectRoot = "";
			targets = (
				DC8888221D86BEC0003CD03C /* MemeMe */,
			);
		};
/* End PBXProject section */

/* Begin PBXResourcesBuildPhase section */
		DC8888211D86BEC0003CD03C /* Resources */ = {
			isa = PBXResourcesBuildPhase;
			buildActionMask = 2147483647;
			files = (
				DC8888341D86BEC0003CD03C /* LaunchScreen.storyboard in Resources */,
				DC8888311D86BEC0003CD03C /* Assets.xcassets in Resources */,
				DC88882C1D86BEC0003CD03C /* Main.storyboard in Resources */,
			);
			runOnlyForDeploymentPostprocessing = 0;
		};
/* End PBXResourcesBuildPhase section */

/* Begin PBXSourcesBuildPhase section */
		DC88881F1D86BEC0003CD03C /* Sources */ = {
			isa = PBXSourcesBuildPhase;
			buildActionMask = 2147483647;
			files = (
				DC88882F1D86BEC0003CD03C /* MemeMe.xcdatamodeld in Sources */,
				DC8888291D86BEC0003CD03C /* ViewController.swift in Sources */,
				DC8888271D86BEC0003CD03C /* AppDelegate.swift in Sources */,
				DC319EBD1D8888330091B665 /* TextAttributes.swift in Sources */,
			);
			runOnlyForDeploymentPostprocessing = 0;
		};
/* End PBXSourcesBuildPhase section */

/* Begin PBXVariantGroup section */
		DC88882A1D86BEC0003CD03C /* Main.storyboard */ = {
			isa = PBXVariantGroup;
			children = (
				DC88882B1D86BEC0003CD03C /* Base */,
			);
			name = Main.storyboard;
			sourceTree = "<group>";
		};
		DC8888321D86BEC0003CD03C /* LaunchScreen.storyboard */ = {
			isa = PBXVariantGroup;
			children = (
				DC8888331D86BEC0003CD03C /* Base */,
			);
			name = LaunchScreen.storyboard;
			sourceTree = "<group>";
		};
/* End PBXVariantGroup section */

/* Begin XCBuildConfiguration section */
		DC8888361D86BEC0003CD03C /* Debug */ = {
			isa = XCBuildConfiguration;
			buildSettings = {
				ALWAYS_SEARCH_USER_PATHS = NO;
				CLANG_ANALYZER_NONNULL = YES;
				CLANG_CXX_LANGUAGE_STANDARD = "gnu++0x";
				CLANG_CXX_LIBRARY = "libc++";
				CLANG_ENABLE_MODULES = YES;
				CLANG_ENABLE_OBJC_ARC = YES;
				CLANG_WARN_BOOL_CONVERSION = YES;
				CLANG_WARN_CONSTANT_CONVERSION = YES;
				CLANG_WARN_DIRECT_OBJC_ISA_USAGE = YES_ERROR;
				CLANG_WARN_EMPTY_BODY = YES;
				CLANG_WARN_ENUM_CONVERSION = YES;
				CLANG_WARN_INT_CONVERSION = YES;
				CLANG_WARN_OBJC_ROOT_CLASS = YES_ERROR;
				CLANG_WARN_UNREACHABLE_CODE = YES;
				CLANG_WARN__DUPLICATE_METHOD_MATCH = YES;
				"CODE_SIGN_IDENTITY[sdk=iphoneos*]" = "iPhone Developer";
				COPY_PHASE_STRIP = NO;
				DEBUG_INFORMATION_FORMAT = dwarf;
				ENABLE_STRICT_OBJC_MSGSEND = YES;
				ENABLE_TESTABILITY = YES;
				GCC_C_LANGUAGE_STANDARD = gnu99;
				GCC_DYNAMIC_NO_PIC = NO;
				GCC_NO_COMMON_BLOCKS = YES;
				GCC_OPTIMIZATION_LEVEL = 0;
				GCC_PREPROCESSOR_DEFINITIONS = (
					"DEBUG=1",
					"$(inherited)",
				);
				GCC_WARN_64_TO_32_BIT_CONVERSION = YES;
				GCC_WARN_ABOUT_RETURN_TYPE = YES_ERROR;
				GCC_WARN_UNDECLARED_SELECTOR = YES;
				GCC_WARN_UNINITIALIZED_AUTOS = YES_AGGRESSIVE;
				GCC_WARN_UNUSED_FUNCTION = YES;
				GCC_WARN_UNUSED_VARIABLE = YES;
				IPHONEOS_DEPLOYMENT_TARGET = 9.3;
				MTL_ENABLE_DEBUG_INFO = YES;
				ONLY_ACTIVE_ARCH = YES;
				SDKROOT = iphoneos;
				SWIFT_OPTIMIZATION_LEVEL = "-Onone";
			};
			name = Debug;
		};
		DC8888371D86BEC0003CD03C /* Release */ = {
			isa = XCBuildConfiguration;
			buildSettings = {
				ALWAYS_SEARCH_USER_PATHS = NO;
				CLANG_ANALYZER_NONNULL = YES;
				CLANG_CXX_LANGUAGE_STANDARD = "gnu++0x";
				CLANG_CXX_LIBRARY = "libc++";
				CLANG_ENABLE_MODULES = YES;
				CLANG_ENABLE_OBJC_ARC = YES;
				CLANG_WARN_BOOL_CONVERSION = YES;
				CLANG_WARN_CONSTANT_CONVERSION = YES;
				CLANG_WARN_DIRECT_OBJC_ISA_USAGE = YES_ERROR;
				CLANG_WARN_EMPTY_BODY = YES;
				CLANG_WARN_ENUM_CONVERSION = YES;
				CLANG_WARN_INT_CONVERSION = YES;
				CLANG_WARN_OBJC_ROOT_CLASS = YES_ERROR;
				CLANG_WARN_UNREACHABLE_CODE = YES;
				CLANG_WARN__DUPLICATE_METHOD_MATCH = YES;
				"CODE_SIGN_IDENTITY[sdk=iphoneos*]" = "iPhone Developer";
				COPY_PHASE_STRIP = NO;
				DEBUG_INFORMATION_FORMAT = "dwarf-with-dsym";
				ENABLE_NS_ASSERTIONS = NO;
				ENABLE_STRICT_OBJC_MSGSEND = YES;
				GCC_C_LANGUAGE_STANDARD = gnu99;
				GCC_NO_COMMON_BLOCKS = YES;
				GCC_WARN_64_TO_32_BIT_CONVERSION = YES;
				GCC_WARN_ABOUT_RETURN_TYPE = YES_ERROR;
				GCC_WARN_UNDECLARED_SELECTOR = YES;
				GCC_WARN_UNINITIALIZED_AUTOS = YES_AGGRESSIVE;
				GCC_WARN_UNUSED_FUNCTION = YES;
				GCC_WARN_UNUSED_VARIABLE = YES;
				IPHONEOS_DEPLOYMENT_TARGET = 9.3;
				MTL_ENABLE_DEBUG_INFO = NO;
				SDKROOT = iphoneos;
				VALIDATE_PRODUCT = YES;
			};
			name = Release;
		};
		DC8888391D86BEC0003CD03C /* Debug */ = {
			isa = XCBuildConfiguration;
			buildSettings = {
				ASSETCATALOG_COMPILER_APPICON_NAME = AppIcon;
				INFOPLIST_FILE = MemeMe/Info.plist;
				LD_RUNPATH_SEARCH_PATHS = "$(inherited) @executable_path/Frameworks";
				PRODUCT_BUNDLE_IDENTIFIER = com.arjunkodur.MemeMe;
				PRODUCT_NAME = "$(TARGET_NAME)";
			};
			name = Debug;
		};
		DC88883A1D86BEC0003CD03C /* Release */ = {
			isa = XCBuildConfiguration;
			buildSettings = {
				ASSETCATALOG_COMPILER_APPICON_NAME = AppIcon;
				INFOPLIST_FILE = MemeMe/Info.plist;
				LD_RUNPATH_SEARCH_PATHS = "$(inherited) @executable_path/Frameworks";
				PRODUCT_BUNDLE_IDENTIFIER = com.arjunkodur.MemeMe;
				PRODUCT_NAME = "$(TARGET_NAME)";
			};
			name = Release;
		};
/* End XCBuildConfiguration section */

/* Begin XCConfigurationList section */
		DC88881E1D86BEC0003CD03C /* Build configuration list for PBXProject "MemeMe" */ = {
			isa = XCConfigurationList;
			buildConfigurations = (
				DC8888361D86BEC0003CD03C /* Debug */,
				DC8888371D86BEC0003CD03C /* Release */,
			);
			defaultConfigurationIsVisible = 0;
			defaultConfigurationName = Release;
		};
		DC8888381D86BEC0003CD03C /* Build configuration list for PBXNativeTarget "MemeMe" */ = {
			isa = XCConfigurationList;
			buildConfigurations = (
				DC8888391D86BEC0003CD03C /* Debug */,
				DC88883A1D86BEC0003CD03C /* Release */,
			);
			defaultConfigurationIsVisible = 0;
			defaultConfigurationName = Release;
		};
/* End XCConfigurationList section */

/* Begin XCVersionGroup section */
		DC88882D1D86BEC0003CD03C /* MemeMe.xcdatamodeld */ = {
			isa = XCVersionGroup;
			children = (
				DC88882E1D86BEC0003CD03C /* MemeMe.xcdatamodel */,
			);
			currentVersion = DC88882E1D86BEC0003CD03C /* MemeMe.xcdatamodel */;
			path = MemeMe.xcdatamodeld;
			sourceTree = "<group>";
			versionGroupType = wrapper.xcdatamodel;
		};
/* End XCVersionGroup section */
	};
	rootObject = DC88881B1D86BEC0003CD03C /* Project object */;
}
